
Microsoft Visual Studio Solution File, Format Version 12.00
# Visual Studio Version 16
VisualStudioVersion = 16.0.33130.400
MinimumVisualStudioVersion = 10.0.40219.1
Project("{8BC9CEB8-8B4A-11D0-8D11-00A0C91BC942}") = "study07_arrry", "study07_arrry\study07_arrry.vcxproj", "{ED16B992-8B66-4CB8-9D65-4D9158339A82}"
EndProject
Global
	GlobalSection(SolutionConfigurationPlatforms) = preSolution
		Debug|x64 = Debug|x64
		Debug|x86 = Debug|x86
		Release|x64 = Release|x64
		Release|x86 = Release|x86
	EndGlobalSection
	GlobalSection(ProjectConfigurationPlatforms) = postSolution
		{ED16B992-8B66-4CB8-9D65-4D9158339A82}.Debug|x64.ActiveCfg = Debug|x64
		{ED16B992-8B66-4CB8-9D65-4D9158339A82}.Debug|x64.Build.0 = Debug|x64
		{ED16B992-8B66-4CB8-9D65-4D9158339A82}.Debug|x86.ActiveCfg = Debug|Win32
		{ED16B992-8B66-4CB8-9D65-4D9158339A82}.Debug|x86.Build.0 = Debug|Win32
		{ED16B992-8B66-4CB8-9D65-4D9158339A82}.Release|x64.ActiveCfg = Release|x64
		{ED16B992-8B66-4CB8-9D65-4D9158339A82}.Release|x64.Build.0 = Release|x64
		{ED16B992-8B66-4CB8-9D65-4D9158339A82}.Release|x86.ActiveCfg = Release|Win32
		{ED16B992-8B66-4CB8-9D65-4D9158339A82}.Release|x86.Build.0 = Release|Win32
	EndGlobalSection
	GlobalSection(SolutionProperties) = preSolution
		HideSolutionNode = FALSE
	EndGlobalSection
	GlobalSection(ExtensibilityGlobals) = postSolution
		SolutionGuid = {637D57CE-5B53-4FDB-9F71-E347FE201ED1}
	EndGlobalSection
EndGlobal
